// !$*UTF8*$!
{
	archiveVersion = 1;
	classes = {
	};
	objectVersion = 46;
	objects = {

/* Begin PBXBuildFile section */
		63DD39271A89879D00C1B628 /* main.m in Sources */ = {isa = PBXBuildFile; fileRef = 63DD39261A89879D00C1B628 /* main.m */; };
		63DD392A1A89879D00C1B628 /* AppDelegate.m in Sources */ = {isa = PBXBuildFile; fileRef = 63DD39291A89879D00C1B628 /* AppDelegate.m */; };
		63DD392D1A89879D00C1B628 /* EarthquakeMonitor.xcdatamodeld in Sources */ = {isa = PBXBuildFile; fileRef = 63DD392B1A89879D00C1B628 /* EarthquakeMonitor.xcdatamodeld */; };
		63DD39301A89879D00C1B628 /* ViewController.m in Sources */ = {isa = PBXBuildFile; fileRef = 63DD392F1A89879D00C1B628 /* ViewController.m */; };
		63DD39331A89879D00C1B628 /* Main.storyboard in Resources */ = {isa = PBXBuildFile; fileRef = 63DD39311A89879D00C1B628 /* Main.storyboard */; };
		63DD39351A89879D00C1B628 /* Images.xcassets in Resources */ = {isa = PBXBuildFile; fileRef = 63DD39341A89879D00C1B628 /* Images.xcassets */; };
		63DD39381A89879D00C1B628 /* LaunchScreen.xib in Resources */ = {isa = PBXBuildFile; fileRef = 63DD39361A89879D00C1B628 /* LaunchScreen.xib */; };
		63DD39441A89879D00C1B628 /* EarthquakeMonitorTests.m in Sources */ = {isa = PBXBuildFile; fileRef = 63DD39431A89879D00C1B628 /* EarthquakeMonitorTests.m */; };
/* End PBXBuildFile section */

/* Begin PBXContainerItemProxy section */
		63DD393E1A89879D00C1B628 /* PBXContainerItemProxy */ = {
			isa = PBXContainerItemProxy;
			containerPortal = 63DD39191A89879D00C1B628 /* Project object */;
			proxyType = 1;
			remoteGlobalIDString = 63DD39201A89879D00C1B628;
			remoteInfo = EarthquakeMonitor;
		};
/* End PBXContainerItemProxy section */

/* Begin PBXFileReference section */
		63DD39211A89879D00C1B628 /* EarthquakeMonitor.app */ = {isa = PBXFileReference; explicitFileType = wrapper.application; includeInIndex = 0; path = EarthquakeMonitor.app; sourceTree = BUILT_PRODUCTS_DIR; };
		63DD39251A89879D00C1B628 /* Info.plist */ = {isa = PBXFileReference; lastKnownFileType = text.plist.xml; path = Info.plist; sourceTree = "<group>"; };
		63DD39261A89879D00C1B628 /* main.m */ = {isa = PBXFileReference; lastKnownFileType = sourcecode.c.objc; path = main.m; sourceTree = "<group>"; };
		63DD39281A89879D00C1B628 /* AppDelegate.h */ = {isa = PBXFileReference; lastKnownFileType = sourcecode.c.h; path = AppDelegate.h; sourceTree = "<group>"; };
		63DD39291A89879D00C1B628 /* AppDelegate.m */ = {isa = PBXFileReference; lastKnownFileType = sourcecode.c.objc; path = AppDelegate.m; sourceTree = "<group>"; };
		63DD392C1A89879D00C1B628 /* EarthquakeMonitor.xcdatamodel */ = {isa = PBXFileReference; lastKnownFileType = wrapper.xcdatamodel; path = EarthquakeMonitor.xcdatamodel; sourceTree = "<group>"; };
		63DD392E1A89879D00C1B628 /* ViewController.h */ = {isa = PBXFileReference; lastKnownFileType = sourcecode.c.h; path = ViewController.h; sourceTree = "<group>"; };
		63DD392F1A89879D00C1B628 /* ViewController.m */ = {isa = PBXFileReference; lastKnownFileType = sourcecode.c.objc; path = ViewController.m; sourceTree = "<group>"; };
		63DD39321A89879D00C1B628 /* Base */ = {isa = PBXFileReference; lastKnownFileType = file.storyboard; name = Base; path = Base.lproj/Main.storyboard; sourceTree = "<group>"; };
		63DD39341A89879D00C1B628 /* Images.xcassets */ = {isa = PBXFileReference; lastKnownFileType = folder.assetcatalog; path = Images.xcassets; sourceTree = "<group>"; };
		63DD39371A89879D00C1B628 /* Base */ = {isa = PBXFileReference; lastKnownFileType = file.xib; name = Base; path = Base.lproj/LaunchScreen.xib; sourceTree = "<group>"; };
		63DD393D1A89879D00C1B628 /* EarthquakeMonitorTests.xctest */ = {isa = PBXFileReference; explicitFileType = wrapper.cfbundle; includeInIndex = 0; path = EarthquakeMonitorTests.xctest; sourceTree = BUILT_PRODUCTS_DIR; };
		63DD39421A89879D00C1B628 /* Info.plist */ = {isa = PBXFileReference; lastKnownFileType = text.plist.xml; path = Info.plist; sourceTree = "<group>"; };
		63DD39431A89879D00C1B628 /* EarthquakeMonitorTests.m */ = {isa = PBXFileReference; lastKnownFileType = sourcecode.c.objc; path = EarthquakeMonitorTests.m; sourceTree = "<group>"; };
/* End PBXFileReference section */

/* Begin PBXFrameworksBuildPhase section */
		63DD391E1A89879D00C1B628 /* Frameworks */ = {
			isa = PBXFrameworksBuildPhase;
			buildActionMask = 2147483647;
			files = (
			);
			runOnlyForDeploymentPostprocessing = 0;
		};
		63DD393A1A89879D00C1B628 /* Frameworks */ = {
			isa = PBXFrameworksBuildPhase;
			buildActionMask = 2147483647;
			files = (
			);
			runOnlyForDeploymentPostprocessing = 0;
		};
/* End PBXFrameworksBuildPhase section */

/* Begin PBXGroup section */
		63DD39181A89879D00C1B628 = {
			isa = PBXGroup;
			children = (
				63DD39231A89879D00C1B628 /* EarthquakeMonitor */,
				63DD39401A89879D00C1B628 /* EarthquakeMonitorTests */,
				63DD39221A89879D00C1B628 /* Products */,
			);
			sourceTree = "<group>";
		};
		63DD39221A89879D00C1B628 /* Products */ = {
			isa = PBXGroup;
			children = (
				63DD39211A89879D00C1B628 /* EarthquakeMonitor.app */,
				63DD393D1A89879D00C1B628 /* EarthquakeMonitorTests.xctest */,
			);
			name = Products;
			sourceTree = "<group>";
		};
		63DD39231A89879D00C1B628 /* EarthquakeMonitor */ = {
			isa = PBXGroup;
			children = (
				63DD39281A89879D00C1B628 /* AppDelegate.h */,
				63DD39291A89879D00C1B628 /* AppDelegate.m */,
				63DD392E1A89879D00C1B628 /* ViewController.h */,
				63DD392F1A89879D00C1B628 /* ViewController.m */,
				63DD39311A89879D00C1B628 /* Main.storyboard */,
				63DD39341A89879D00C1B628 /* Images.xcassets */,
				63DD39361A89879D00C1B628 /* LaunchScreen.xib */,
				63DD392B1A89879D00C1B628 /* EarthquakeMonitor.xcdatamodeld */,
				63DD39241A89879D00C1B628 /* Supporting Files */,
			);
			path = EarthquakeMonitor;
			sourceTree = "<group>";
		};
		63DD39241A89879D00C1B628 /* Supporting Files */ = {
			isa = PBXGroup;
			children = (
				63DD39251A89879D00C1B628 /* Info.plist */,
				63DD39261A89879D00C1B628 /* main.m */,
			);
			name = "Supporting Files";
			sourceTree = "<group>";
		};
		63DD39401A89879D00C1B628 /* EarthquakeMonitorTests */ = {
			isa = PBXGroup;
			children = (
				63DD39431A89879D00C1B628 /* EarthquakeMonitorTests.m */,
				63DD39411A89879D00C1B628 /* Supporting Files */,
			);
			path = EarthquakeMonitorTests;
			sourceTree = "<group>";
		};
		63DD39411A89879D00C1B628 /* Supporting Files */ = {
			isa = PBXGroup;
			children = (
				63DD39421A89879D00C1B628 /* Info.plist */,
			);
			name = "Supporting Files";
			sourceTree = "<group>";
		};
/* End PBXGroup section */

/* Begin PBXNativeTarget section */
		63DD39201A89879D00C1B628 /* EarthquakeMonitor */ = {
			isa = PBXNativeTarget;
			buildConfigurationList = 63DD39471A89879D00C1B628 /* Build configuration list for PBXNativeTarget "EarthquakeMonitor" */;
			buildPhases = (
				63DD391D1A89879D00C1B628 /* Sources */,
				63DD391E1A89879D00C1B628 /* Frameworks */,
				63DD391F1A89879D00C1B628 /* Resources */,
			);
			buildRules = (
			);
			dependencies = (
			);
			name = EarthquakeMonitor;
			productName = EarthquakeMonitor;
			productReference = 63DD39211A89879D00C1B628 /* EarthquakeMonitor.app */;
			productType = "com.apple.product-type.application";
		};
		63DD393C1A89879D00C1B628 /* EarthquakeMonitorTests */ = {
			isa = PBXNativeTarget;
			buildConfigurationList = 63DD394A1A89879D00C1B628 /* Build configuration list for PBXNativeTarget "EarthquakeMonitorTests" */;
			buildPhases = (
				63DD39391A89879D00C1B628 /* Sources */,
				63DD393A1A89879D00C1B628 /* Frameworks */,
				63DD393B1A89879D00C1B628 /* Resources */,
			);
			buildRules = (
			);
			dependencies = (
				63DD393F1A89879D00C1B628 /* PBXTargetDependency */,
			);
			name = EarthquakeMonitorTests;
			productName = EarthquakeMonitorTests;
			productReference = 63DD393D1A89879D00C1B628 /* EarthquakeMonitorTests.xctest */;
			productType = "com.apple.product-type.bundle.unit-test";
		};
/* End PBXNativeTarget section */

/* Begin PBXProject section */
		63DD39191A89879D00C1B628 /* Project object */ = {
			isa = PBXProject;
			attributes = {
				LastUpgradeCheck = 0610;
				ORGANIZATIONNAME = macuser;
				TargetAttributes = {
					63DD39201A89879D00C1B628 = {
						CreatedOnToolsVersion = 6.1.1;
					};
					63DD393C1A89879D00C1B628 = {
						CreatedOnToolsVersion = 6.1.1;
						TestTargetID = 63DD39201A89879D00C1B628;
					};
				};
			};
			buildConfigurationList = 63DD391C1A89879D00C1B628 /* Build configuration list for PBXProject "EarthquakeMonitor" */;
			compatibilityVersion = "Xcode 3.2";
			developmentRegion = English;
			hasScannedForEncodings = 0;
			knownRegions = (
				en,
				Base,
			);
			mainGroup = 63DD39181A89879D00C1B628;
			productRefGroup = 63DD39221A89879D00C1B628 /* Products */;
			projectDirPath = "";
			projectRoot = "";
			targets = (
				63DD39201A89879D00C1B628 /* EarthquakeMonitor */,
				63DD393C1A89879D00C1B628 /* EarthquakeMonitorTests */,
			);
		};
/* End PBXProject section */

/* Begin PBXResourcesBuildPhase section */
		63DD391F1A89879D00C1B628 /* Resources */ = {
			isa = PBXResourcesBuildPhase;
			buildActionMask = 2147483647;
			files = (
				63DD39331A89879D00C1B628 /* Main.storyboard in Resources */,
				63DD39381A89879D00C1B628 /* LaunchScreen.xib in Resources */,
				63DD39351A89879D00C1B628 /* Images.xcassets in Resources */,
			);
			runOnlyForDeploymentPostprocessing = 0;
		};
		63DD393B1A89879D00C1B628 /* Resources */ = {
			isa = PBXResourcesBuildPhase;
			buildActionMask = 2147483647;
			files = (
			);
			runOnlyForDeploymentPostprocessing = 0;
		};
/* End PBXResourcesBuildPhase section */

/* Begin PBXSourcesBuildPhase section */
		63DD391D1A89879D00C1B628 /* Sources */ = {
			isa = PBXSourcesBuildPhase;
			buildActionMask = 2147483647;
			files = (
				63DD392A1A89879D00C1B628 /* AppDelegate.m in Sources */,
				63DD39271A89879D00C1B628 /* main.m in Sources */,
				63DD39301A89879D00C1B628 /* ViewController.m in Sources */,
				63DD392D1A89879D00C1B628 /* EarthquakeMonitor.xcdatamodeld in Sources */,
			);
			runOnlyForDeploymentPostprocessing = 0;
		};
		63DD39391A89879D00C1B628 /* Sources */ = {
			isa = PBXSourcesBuildPhase;
			buildActionMask = 2147483647;
			files = (
				63DD39441A89879D00C1B628 /* EarthquakeMonitorTests.m in Sources */,
			);
			runOnlyForDeploymentPostprocessing = 0;
		};
/* End PBXSourcesBuildPhase section */

/* Begin PBXTargetDependency section */
		63DD393F1A89879D00C1B628 /* PBXTargetDependency */ = {
			isa = PBXTargetDependency;
			target = 63DD39201A89879D00C1B628 /* EarthquakeMonitor */;
			targetProxy = 63DD393E1A89879D00C1B628 /* PBXContainerItemProxy */;
		};
/* End PBXTargetDependency section */

/* Begin PBXVariantGroup section */
		63DD39311A89879D00C1B628 /* Main.storyboard */ = {
			isa = PBXVariantGroup;
			children = (
				63DD39321A89879D00C1B628 /* Base */,
			);
			name = Main.storyboard;
			sourceTree = "<group>";
		};
		63DD39361A89879D00C1B628 /* LaunchScreen.xib */ = {
			isa = PBXVariantGroup;
			children = (
				63DD39371A89879D00C1B628 /* Base */,
			);
			name = LaunchScreen.xib;
			sourceTree = "<group>";
		};
/* End PBXVariantGroup section */

/* Begin XCBuildConfiguration section */
		63DD39451A89879D00C1B628 /* Debug */ = {
			isa = XCBuildConfiguration;
			buildSettings = {
				ALWAYS_SEARCH_USER_PATHS = NO;
				CLANG_CXX_LANGUAGE_STANDARD = "gnu++0x";
				CLANG_CXX_LIBRARY = "libc++";
				CLANG_ENABLE_MODULES = YES;
				CLANG_ENABLE_OBJC_ARC = YES;
				CLANG_WARN_BOOL_CONVERSION = YES;
				CLANG_WARN_CONSTANT_CONVERSION = YES;
				CLANG_WARN_DIRECT_OBJC_ISA_USAGE = YES_ERROR;
				CLANG_WARN_EMPTY_BODY = YES;
				CLANG_WARN_ENUM_CONVERSION = YES;
				CLANG_WARN_INT_CONVERSION = YES;
				CLANG_WARN_OBJC_ROOT_CLASS = YES_ERROR;
				CLANG_WARN_UNREACHABLE_CODE = YES;
				CLANG_WARN__DUPLICATE_METHOD_MATCH = YES;
				"CODE_SIGN_IDENTITY[sdk=iphoneos*]" = "iPhone Developer";
				COPY_PHASE_STRIP = NO;
				ENABLE_STRICT_OBJC_MSGSEND = YES;
				GCC_C_LANGUAGE_STANDARD = gnu99;
				GCC_DYNAMIC_NO_PIC = NO;
				GCC_OPTIMIZATION_LEVEL = 0;
				GCC_PREPROCESSOR_DEFINITIONS = (
					"DEBUG=1",
					"$(inherited)",
				);
				GCC_SYMBOLS_PRIVATE_EXTERN = NO;
				GCC_WARN_64_TO_32_BIT_CONVERSION = YES;
				GCC_WARN_ABOUT_RETURN_TYPE = YES_ERROR;
				GCC_WARN_UNDECLARED_SELECTOR = YES;
				GCC_WARN_UNINITIALIZED_AUTOS = YES_AGGRESSIVE;
				GCC_WARN_UNUSED_FUNCTION = YES;
				GCC_WARN_UNUSED_VARIABLE = YES;
				IPHONEOS_DEPLOYMENT_TARGET = 8.1;
				MTL_ENABLE_DEBUG_INFO = YES;
				ONLY_ACTIVE_ARCH = YES;
				SDKROOT = iphoneos;
				TARGETED_DEVICE_FAMILY = "1,2";
			};
			name = Debug;
		};
		63DD39461A89879D00C1B628 /* Release */ = {
			isa = XCBuildConfiguration;
			buildSettings = {
				ALWAYS_SEARCH_USER_PATHS = NO;
				CLANG_CXX_LANGUAGE_STANDARD = "gnu++0x";
				CLANG_CXX_LIBRARY = "libc++";
				CLANG_ENABLE_MODULES = YES;
				CLANG_ENABLE_OBJC_ARC = YES;
				CLANG_WARN_BOOL_CONVERSION = YES;
				CLANG_WARN_CONSTANT_CONVERSION = YES;
				CLANG_WARN_DIRECT_OBJC_ISA_USAGE = YES_ERROR;
				CLANG_WARN_EMPTY_BODY = YES;
				CLANG_WARN_ENUM_CONVERSION = YES;
				CLANG_WARN_INT_CONVERSION = YES;
				CLANG_WARN_OBJC_ROOT_CLASS = YES_ERROR;
				CLANG_WARN_UNREACHABLE_CODE = YES;
				CLANG_WARN__DUPLICATE_METHOD_MATCH = YES;
				"CODE_SIGN_IDENTITY[sdk=iphoneos*]" = "iPhone Developer";
				COPY_PHASE_STRIP = YES;
				ENABLE_NS_ASSERTIONS = NO;
				ENABLE_STRICT_OBJC_MSGSEND = YES;
				GCC_C_LANGUAGE_STANDARD = gnu99;
				GCC_WARN_64_TO_32_BIT_CONVERSION = YES;
				GCC_WARN_ABOUT_RETURN_TYPE = YES_ERROR;
				GCC_WARN_UNDECLARED_SELECTOR = YES;
				GCC_WARN_UNINITIALIZED_AUTOS = YES_AGGRESSIVE;
				GCC_WARN_UNUSED_FUNCTION = YES;
				GCC_WARN_UNUSED_VARIABLE = YES;
				IPHONEOS_DEPLOYMENT_TARGET = 8.1;
				MTL_ENABLE_DEBUG_INFO = NO;
				SDKROOT = iphoneos;
				TARGETED_DEVICE_FAMILY = "1,2";
				VALIDATE_PRODUCT = YES;
			};
			name = Release;
		};
		63DD39481A89879D00C1B628 /* Debug */ = {
			isa = XCBuildConfiguration;
			buildSettings = {
				ASSETCATALOG_COMPILER_APPICON_NAME = AppIcon;
				INFOPLIST_FILE = EarthquakeMonitor/Info.plist;
				LD_RUNPATH_SEARCH_PATHS = "$(inherited) @executable_path/Frameworks";
				PRODUCT_NAME = "$(TARGET_NAME)";
			};
			name = Debug;
		};
		63DD39491A89879D00C1B628 /* Release */ = {
			isa = XCBuildConfiguration;
			buildSettings = {
				ASSETCATALOG_COMPILER_APPICON_NAME = AppIcon;
				INFOPLIST_FILE = EarthquakeMonitor/Info.plist;
				LD_RUNPATH_SEARCH_PATHS = "$(inherited) @executable_path/Frameworks";
				PRODUCT_NAME = "$(TARGET_NAME)";
			};
			name = Release;
		};
		63DD394B1A89879D00C1B628 /* Debug */ = {
			isa = XCBuildConfiguration;
			buildSettings = {
				BUNDLE_LOADER = "$(TEST_HOST)";
				FRAMEWORK_SEARCH_PATHS = (
					"$(SDKROOT)/Developer/Library/Frameworks",
					"$(inherited)",
				);
				GCC_PREPROCESSOR_DEFINITIONS = (
					"DEBUG=1",
					"$(inherited)",
				);
				INFOPLIST_FILE = EarthquakeMonitorTests/Info.plist;
				LD_RUNPATH_SEARCH_PATHS = "$(inherited) @executable_path/Frameworks @loader_path/Frameworks";
				PRODUCT_NAME = "$(TARGET_NAME)";
				TEST_HOST = "$(BUILT_PRODUCTS_DIR)/EarthquakeMonitor.app/EarthquakeMonitor";
			};
			name = Debug;
		};
		63DD394C1A89879D00C1B628 /* Release */ = {
			isa = XCBuildConfiguration;
			buildSettings = {
				BUNDLE_LOADER = "$(TEST_HOST)";
				FRAMEWORK_SEARCH_PATHS = (
					"$(SDKROOT)/Developer/Library/Frameworks",
					"$(inherited)",
				);
				INFOPLIST_FILE = EarthquakeMonitorTests/Info.plist;
				LD_RUNPATH_SEARCH_PATHS = "$(inherited) @executable_path/Frameworks @loader_path/Frameworks";
				PRODUCT_NAME = "$(TARGET_NAME)";
				TEST_HOST = "$(BUILT_PRODUCTS_DIR)/EarthquakeMonitor.app/EarthquakeMonitor";
			};
			name = Release;
		};
/* End XCBuildConfiguration section */

/* Begin XCConfigurationList section */
		63DD391C1A89879D00C1B628 /* Build configuration list for PBXProject "EarthquakeMonitor" */ = {
			isa = XCConfigurationList;
			buildConfigurations = (
				63DD39451A89879D00C1B628 /* Debug */,
				63DD39461A89879D00C1B628 /* Release */,
			);
			defaultConfigurationIsVisible = 0;
			defaultConfigurationName = Release;
		};
		63DD39471A89879D00C1B628 /* Build configuration list for PBXNativeTarget "EarthquakeMonitor" */ = {
			isa = XCConfigurationList;
			buildConfigurations = (
				63DD39481A89879D00C1B628 /* Debug */,
				63DD39491A89879D00C1B628 /* Release */,
			);
			defaultConfigurationIsVisible = 0;
		};
		63DD394A1A89879D00C1B628 /* Build configuration list for PBXNativeTarget "EarthquakeMonitorTests" */ = {
			isa = XCConfigurationList;
			buildConfigurations = (
				63DD394B1A89879D00C1B628 /* Debug */,
				63DD394C1A89879D00C1B628 /* Release */,
			);
			defaultConfigurationIsVisible = 0;
		};
/* End XCConfigurationList section */

/* Begin XCVersionGroup section */
		63DD392B1A89879D00C1B628 /* EarthquakeMonitor.xcdatamodeld */ = {
			isa = XCVersionGroup;
			children = (
				63DD392C1A89879D00C1B628 /* EarthquakeMonitor.xcdatamodel */,
			);
			currentVersion = 63DD392C1A89879D00C1B628 /* EarthquakeMonitor.xcdatamodel */;
			path = EarthquakeMonitor.xcdatamodeld;
			sourceTree = "<group>";
			versionGroupType = wrapper.xcdatamodel;
		};
/* End XCVersionGroup section */
	};
	rootObject = 63DD39191A89879D00C1B628 /* Project object */;
}
